
Microsoft Visual Studio Solution File, Format Version 12.00
# Visual Studio Version 17
VisualStudioVersion = 17.4.33213.308
MinimumVisualStudioVersion = 10.0.40219.1
Project("{FAE04EC0-301F-11D3-BF4B-00C04F79EFBC}") = "RoundAboutMVC", "RoundAboutMVC.csproj", "{C1EA7E0B-23E6-42CA-86D0-0A0B6B4FB183}"
EndProject
Global
	GlobalSection(SolutionConfigurationPlatforms) = preSolution
		Debug|Any CPU = Debug|Any CPU
		Release|Any CPU = Release|Any CPU
	EndGlobalSection
	GlobalSection(ProjectConfigurationPlatforms) = postSolution
		{C1EA7E0B-23E6-42CA-86D0-0A0B6B4FB183}.Debug|Any CPU.ActiveCfg = Debug|Any CPU
		{C1EA7E0B-23E6-42CA-86D0-0A0B6B4FB183}.Debug|Any CPU.Build.0 = Debug|Any CPU
		{C1EA7E0B-23E6-42CA-86D0-0A0B6B4FB183}.Release|Any CPU.ActiveCfg = Release|Any CPU
		{C1EA7E0B-23E6-42CA-86D0-0A0B6B4FB183}.Release|Any CPU.Build.0 = Release|Any CPU
	EndGlobalSection
	GlobalSection(SolutionProperties) = preSolution
		HideSolutionNode = FALSE
	EndGlobalSection
	GlobalSection(ExtensibilityGlobals) = postSolution
		SolutionGuid = {54AF8132-C496-4699-9975-7E52C56390F3}
	EndGlobalSection
EndGlobal
